
Microsoft Visual Studio Solution File, Format Version 12.00
# Visual Studio 14
VisualStudioVersion = 14.0.23107.0
MinimumVisualStudioVersion = 10.0.40219.1
Project("{8BC9CEB8-8B4A-11D0-8D11-00A0C91BC942}") = "虚函数测试", "虚函数测试\虚函数测试.vcxproj", "{34D67F2B-EF7C-4542-B707-4A1DA5F88FAB}"
EndProject
Global
	GlobalSection(SolutionConfigurationPlatforms) = preSolution
		Debug|x64 = Debug|x64
		Debug|x86 = Debug|x86
		Release|x64 = Release|x64
		Release|x86 = Release|x86
	EndGlobalSection
	GlobalSection(ProjectConfigurationPlatforms) = postSolution
		{34D67F2B-EF7C-4542-B707-4A1DA5F88FAB}.Debug|x64.ActiveCfg = Debug|x64
		{34D67F2B-EF7C-4542-B707-4A1DA5F88FAB}.Debug|x64.Build.0 = Debug|x64
		{34D67F2B-EF7C-4542-B707-4A1DA5F88FAB}.Debug|x86.ActiveCfg = Debug|Win32
		{34D67F2B-EF7C-4542-B707-4A1DA5F88FAB}.Debug|x86.Build.0 = Debug|Win32
		{34D67F2B-EF7C-4542-B707-4A1DA5F88FAB}.Release|x64.ActiveCfg = Release|x64
		{34D67F2B-EF7C-4542-B707-4A1DA5F88FAB}.Release|x64.Build.0 = Release|x64
		{34D67F2B-EF7C-4542-B707-4A1DA5F88FAB}.Release|x86.ActiveCfg = Release|Win32
		{34D67F2B-EF7C-4542-B707-4A1DA5F88FAB}.Release|x86.Build.0 = Release|Win32
	EndGlobalSection
	GlobalSection(SolutionProperties) = preSolution
		HideSolutionNode = FALSE
	EndGlobalSection
EndGlobal
