
Microsoft Visual Studio Solution File, Format Version 12.00
# Visual Studio 14
VisualStudioVersion = 14.0.25420.1
MinimumVisualStudioVersion = 10.0.40219.1
Project("{8BC9CEB8-8B4A-11D0-8D11-00A0C91BC942}") = "类模板测试", "类模板测试\类模板测试.vcxproj", "{02865C4F-7DA8-46EB-B8B4-B322C3E82A7F}"
EndProject
Global
	GlobalSection(SolutionConfigurationPlatforms) = preSolution
		Debug|x64 = Debug|x64
		Debug|x86 = Debug|x86
		Release|x64 = Release|x64
		Release|x86 = Release|x86
	EndGlobalSection
	GlobalSection(ProjectConfigurationPlatforms) = postSolution
		{02865C4F-7DA8-46EB-B8B4-B322C3E82A7F}.Debug|x64.ActiveCfg = Debug|x64
		{02865C4F-7DA8-46EB-B8B4-B322C3E82A7F}.Debug|x64.Build.0 = Debug|x64
		{02865C4F-7DA8-46EB-B8B4-B322C3E82A7F}.Debug|x86.ActiveCfg = Debug|Win32
		{02865C4F-7DA8-46EB-B8B4-B322C3E82A7F}.Debug|x86.Build.0 = Debug|Win32
		{02865C4F-7DA8-46EB-B8B4-B322C3E82A7F}.Release|x64.ActiveCfg = Release|x64
		{02865C4F-7DA8-46EB-B8B4-B322C3E82A7F}.Release|x64.Build.0 = Release|x64
		{02865C4F-7DA8-46EB-B8B4-B322C3E82A7F}.Release|x86.ActiveCfg = Release|Win32
		{02865C4F-7DA8-46EB-B8B4-B322C3E82A7F}.Release|x86.Build.0 = Release|Win32
	EndGlobalSection
	GlobalSection(SolutionProperties) = preSolution
		HideSolutionNode = FALSE
	EndGlobalSection
EndGlobal
