
Microsoft Visual Studio Solution File, Format Version 12.00
# Visual Studio 14
VisualStudioVersion = 14.0.23107.0
MinimumVisualStudioVersion = 10.0.40219.1
Project("{8BC9CEB8-8B4A-11D0-8D11-00A0C91BC942}") = "leetcode-左旋转字符串", "leetcode-左旋转字符串\leetcode-左旋转字符串.vcxproj", "{467A6AD5-8213-441D-8A80-D9D747E66E04}"
EndProject
Global
	GlobalSection(SolutionConfigurationPlatforms) = preSolution
		Debug|x64 = Debug|x64
		Debug|x86 = Debug|x86
		Release|x64 = Release|x64
		Release|x86 = Release|x86
	EndGlobalSection
	GlobalSection(ProjectConfigurationPlatforms) = postSolution
		{467A6AD5-8213-441D-8A80-D9D747E66E04}.Debug|x64.ActiveCfg = Debug|x64
		{467A6AD5-8213-441D-8A80-D9D747E66E04}.Debug|x64.Build.0 = Debug|x64
		{467A6AD5-8213-441D-8A80-D9D747E66E04}.Debug|x86.ActiveCfg = Debug|Win32
		{467A6AD5-8213-441D-8A80-D9D747E66E04}.Debug|x86.Build.0 = Debug|Win32
		{467A6AD5-8213-441D-8A80-D9D747E66E04}.Release|x64.ActiveCfg = Release|x64
		{467A6AD5-8213-441D-8A80-D9D747E66E04}.Release|x64.Build.0 = Release|x64
		{467A6AD5-8213-441D-8A80-D9D747E66E04}.Release|x86.ActiveCfg = Release|Win32
		{467A6AD5-8213-441D-8A80-D9D747E66E04}.Release|x86.Build.0 = Release|Win32
	EndGlobalSection
	GlobalSection(SolutionProperties) = preSolution
		HideSolutionNode = FALSE
	EndGlobalSection
EndGlobal
